
Microsoft Visual Studio Solution File, Format Version 12.00
# Visual Studio Version 17
VisualStudioVersion = 17.4.33110.190
MinimumVisualStudioVersion = 10.0.40219.1
Project("{FAE04EC0-301F-11D3-BF4B-00C04F79EFBC}") = "AdonetProduct_Crud", "AdonetProduct_Crud\AdonetProduct_Crud.csproj", "{C63D5ECE-1A81-40FD-BBB0-4E32B54EB16B}"
EndProject
Global
	GlobalSection(SolutionConfigurationPlatforms) = preSolution
		Debug|Any CPU = Debug|Any CPU
		Release|Any CPU = Release|Any CPU
	EndGlobalSection
	GlobalSection(ProjectConfigurationPlatforms) = postSolution
		{C63D5ECE-1A81-40FD-BBB0-4E32B54EB16B}.Debug|Any CPU.ActiveCfg = Debug|Any CPU
		{C63D5ECE-1A81-40FD-BBB0-4E32B54EB16B}.Debug|Any CPU.Build.0 = Debug|Any CPU
		{C63D5ECE-1A81-40FD-BBB0-4E32B54EB16B}.Release|Any CPU.ActiveCfg = Release|Any CPU
		{C63D5ECE-1A81-40FD-BBB0-4E32B54EB16B}.Release|Any CPU.Build.0 = Release|Any CPU
	EndGlobalSection
	GlobalSection(SolutionProperties) = preSolution
		HideSolutionNode = FALSE
	EndGlobalSection
	GlobalSection(ExtensibilityGlobals) = postSolution
		SolutionGuid = {7C971C20-BB77-409A-A6EC-55B8009A3603}
	EndGlobalSection
EndGlobal
